// !$*UTF8*$!
{
	archiveVersion = 1;
	classes = {
	};
	objectVersion = 46;
	objects = {

/* Begin PBXBuildFile section */
		5BF339E31CD04CC00055CF87 /* AppDelegate.swift in Sources */ = {isa = PBXBuildFile; fileRef = 5BF339E21CD04CC00055CF87 /* AppDelegate.swift */; };
		5BF339E51CD04CC00055CF87 /* ViewController.swift in Sources */ = {isa = PBXBuildFile; fileRef = 5BF339E41CD04CC00055CF87 /* ViewController.swift */; };
		5BF339E81CD04CC00055CF87 /* Main.storyboard in Resources */ = {isa = PBXBuildFile; fileRef = 5BF339E61CD04CC00055CF87 /* Main.storyboard */; };
		5BF339EA1CD04CC00055CF87 /* Assets.xcassets in Resources */ = {isa = PBXBuildFile; fileRef = 5BF339E91CD04CC00055CF87 /* Assets.xcassets */; };
		5BF339ED1CD04CC00055CF87 /* LaunchScreen.storyboard in Resources */ = {isa = PBXBuildFile; fileRef = 5BF339EB1CD04CC00055CF87 /* LaunchScreen.storyboard */; };
		5BF339F51CD0841B0055CF87 /* Step2.swift in Sources */ = {isa = PBXBuildFile; fileRef = 5BF339F41CD0841B0055CF87 /* Step2.swift */; };
/* End PBXBuildFile section */

/* Begin PBXFileReference section */
		5BF339DF1CD04CC00055CF87 /* Cautionizer.app */ = {isa = PBXFileReference; explicitFileType = wrapper.application; includeInIndex = 0; path = Cautionizer.app; sourceTree = BUILT_PRODUCTS_DIR; };
		5BF339E21CD04CC00055CF87 /* AppDelegate.swift */ = {isa = PBXFileReference; lastKnownFileType = sourcecode.swift; path = AppDelegate.swift; sourceTree = "<group>"; };
		5BF339E41CD04CC00055CF87 /* ViewController.swift */ = {isa = PBXFileReference; lastKnownFileType = sourcecode.swift; path = ViewController.swift; sourceTree = "<group>"; };
		5BF339E71CD04CC00055CF87 /* Base */ = {isa = PBXFileReference; lastKnownFileType = file.storyboard; name = Base; path = Base.lproj/Main.storyboard; sourceTree = "<group>"; };
		5BF339E91CD04CC00055CF87 /* Assets.xcassets */ = {isa = PBXFileReference; lastKnownFileType = folder.assetcatalog; path = Assets.xcassets; sourceTree = "<group>"; };
		5BF339EC1CD04CC00055CF87 /* Base */ = {isa = PBXFileReference; lastKnownFileType = file.storyboard; name = Base; path = Base.lproj/LaunchScreen.storyboard; sourceTree = "<group>"; };
		5BF339EE1CD04CC00055CF87 /* Info.plist */ = {isa = PBXFileReference; lastKnownFileType = text.plist.xml; path = Info.plist; sourceTree = "<group>"; };
		5BF339F41CD0841B0055CF87 /* Step2.swift */ = {isa = PBXFileReference; fileEncoding = 4; lastKnownFileType = sourcecode.swift; path = Step2.swift; sourceTree = "<group>"; };
/* End PBXFileReference section */

/* Begin PBXFrameworksBuildPhase section */
		5BF339DC1CD04CC00055CF87 /* Frameworks */ = {
			isa = PBXFrameworksBuildPhase;
			buildActionMask = 2147483647;
			files = (
			);
			runOnlyForDeploymentPostprocessing = 0;
		};
/* End PBXFrameworksBuildPhase section */

/* Begin PBXGroup section */
		5BF339D61CD04CC00055CF87 = {
			isa = PBXGroup;
			children = (
				5BF339E11CD04CC00055CF87 /* Cautionizer */,
				5BF339E01CD04CC00055CF87 /* Products */,
			);
			sourceTree = "<group>";
		};
		5BF339E01CD04CC00055CF87 /* Products */ = {
			isa = PBXGroup;
			children = (
				5BF339DF1CD04CC00055CF87 /* Cautionizer.app */,
			);
			name = Products;
			sourceTree = "<group>";
		};
		5BF339E11CD04CC00055CF87 /* Cautionizer */ = {
			isa = PBXGroup;
			children = (
				5BF339E21CD04CC00055CF87 /* AppDelegate.swift */,
				5BF339E41CD04CC00055CF87 /* ViewController.swift */,
				5BF339F41CD0841B0055CF87 /* Step2.swift */,
				5BF339E61CD04CC00055CF87 /* Main.storyboard */,
				5BF339E91CD04CC00055CF87 /* Assets.xcassets */,
				5BF339EB1CD04CC00055CF87 /* LaunchScreen.storyboard */,
				5BF339EE1CD04CC00055CF87 /* Info.plist */,
			);
			path = Cautionizer;
			sourceTree = "<group>";
		};
/* End PBXGroup section */

/* Begin PBXNativeTarget section */
		5BF339DE1CD04CC00055CF87 /* Cautionizer */ = {
			isa = PBXNativeTarget;
			buildConfigurationList = 5BF339F11CD04CC00055CF87 /* Build configuration list for PBXNativeTarget "Cautionizer" */;
			buildPhases = (
				5BF339DB1CD04CC00055CF87 /* Sources */,
				5BF339DC1CD04CC00055CF87 /* Frameworks */,
				5BF339DD1CD04CC00055CF87 /* Resources */,
			);
			buildRules = (
			);
			dependencies = (
			);
			name = Cautionizer;
			productName = Cautionizer;
			productReference = 5BF339DF1CD04CC00055CF87 /* Cautionizer.app */;
			productType = "com.apple.product-type.application";
		};
/* End PBXNativeTarget section */

/* Begin PBXProject section */
		5BF339D71CD04CC00055CF87 /* Project object */ = {
			isa = PBXProject;
			attributes = {
				LastSwiftUpdateCheck = 0730;
				LastUpgradeCheck = 0730;
				ORGANIZATIONNAME = Yaro;
				TargetAttributes = {
					5BF339DE1CD04CC00055CF87 = {
						CreatedOnToolsVersion = 7.3;
						DevelopmentTeam = BA563F9L5K;
					};
				};
			};
			buildConfigurationList = 5BF339DA1CD04CC00055CF87 /* Build configuration list for PBXProject "Cautionizer" */;
			compatibilityVersion = "Xcode 3.2";
			developmentRegion = English;
			hasScannedForEncodings = 0;
			knownRegions = (
				en,
				Base,
			);
			mainGroup = 5BF339D61CD04CC00055CF87;
			productRefGroup = 5BF339E01CD04CC00055CF87 /* Products */;
			projectDirPath = "";
			projectRoot = "";
			targets = (
				5BF339DE1CD04CC00055CF87 /* Cautionizer */,
			);
		};
/* End PBXProject section */

/* Begin PBXResourcesBuildPhase section */
		5BF339DD1CD04CC00055CF87 /* Resources */ = {
			isa = PBXResourcesBuildPhase;
			buildActionMask = 2147483647;
			files = (
				5BF339ED1CD04CC00055CF87 /* LaunchScreen.storyboard in Resources */,
				5BF339EA1CD04CC00055CF87 /* Assets.xcassets in Resources */,
				5BF339E81CD04CC00055CF87 /* Main.storyboard in Resources */,
			);
			runOnlyForDeploymentPostprocessing = 0;
		};
/* End PBXResourcesBuildPhase section */

/* Begin PBXSourcesBuildPhase section */
		5BF339DB1CD04CC00055CF87 /* Sources */ = {
			isa = PBXSourcesBuildPhase;
			buildActionMask = 2147483647;
			files = (
				5BF339E51CD04CC00055CF87 /* ViewController.swift in Sources */,
				5BF339E31CD04CC00055CF87 /* AppDelegate.swift in Sources */,
				5BF339F51CD0841B0055CF87 /* Step2.swift in Sources */,
			);
			runOnlyForDeploymentPostprocessing = 0;
		};
/* End PBXSourcesBuildPhase section */

/* Begin PBXVariantGroup section */
		5BF339E61CD04CC00055CF87 /* Main.storyboard */ = {
			isa = PBXVariantGroup;
			children = (
				5BF339E71CD04CC00055CF87 /* Base */,
			);
			name = Main.storyboard;
			sourceTree = "<group>";
		};
		5BF339EB1CD04CC00055CF87 /* LaunchScreen.storyboard */ = {
			isa = PBXVariantGroup;
			children = (
				5BF339EC1CD04CC00055CF87 /* Base */,
			);
			name = LaunchScreen.storyboard;
			sourceTree = "<group>";
		};
/* End PBXVariantGroup section */

/* Begin XCBuildConfiguration section */
		5BF339EF1CD04CC00055CF87 /* Debug */ = {
			isa = XCBuildConfiguration;
			buildSettings = {
				ALWAYS_SEARCH_USER_PATHS = NO;
				CLANG_ANALYZER_NONNULL = YES;
				CLANG_CXX_LANGUAGE_STANDARD = "gnu++0x";
				CLANG_CXX_LIBRARY = "libc++";
				CLANG_ENABLE_MODULES = YES;
				CLANG_ENABLE_OBJC_ARC = YES;
				CLANG_WARN_BOOL_CONVERSION = YES;
				CLANG_WARN_CONSTANT_CONVERSION = YES;
				CLANG_WARN_DIRECT_OBJC_ISA_USAGE = YES_ERROR;
				CLANG_WARN_EMPTY_BODY = YES;
				CLANG_WARN_ENUM_CONVERSION = YES;
				CLANG_WARN_INT_CONVERSION = YES;
				CLANG_WARN_OBJC_ROOT_CLASS = YES_ERROR;
				CLANG_WARN_UNREACHABLE_CODE = YES;
				CLANG_WARN__DUPLICATE_METHOD_MATCH = YES;
				"CODE_SIGN_IDENTITY[sdk=iphoneos*]" = "iPhone Developer";
				COPY_PHASE_STRIP = NO;
				DEBUG_INFORMATION_FORMAT = dwarf;
				ENABLE_STRICT_OBJC_MSGSEND = YES;
				ENABLE_TESTABILITY = YES;
				GCC_C_LANGUAGE_STANDARD = gnu99;
				GCC_DYNAMIC_NO_PIC = NO;
				GCC_NO_COMMON_BLOCKS = YES;
				GCC_OPTIMIZATION_LEVEL = 0;
				GCC_PREPROCESSOR_DEFINITIONS = (
					"DEBUG=1",
					"$(inherited)",
				);
				GCC_WARN_64_TO_32_BIT_CONVERSION = YES;
				GCC_WARN_ABOUT_RETURN_TYPE = YES_ERROR;
				GCC_WARN_UNDECLARED_SELECTOR = YES;
				GCC_WARN_UNINITIALIZED_AUTOS = YES_AGGRESSIVE;
				GCC_WARN_UNUSED_FUNCTION = YES;
				GCC_WARN_UNUSED_VARIABLE = YES;
				IPHONEOS_DEPLOYMENT_TARGET = 9.3;
				MTL_ENABLE_DEBUG_INFO = YES;
				ONLY_ACTIVE_ARCH = YES;
				SDKROOT = iphoneos;
				SWIFT_OPTIMIZATION_LEVEL = "-Onone";
			};
			name = Debug;
		};
		5BF339F01CD04CC00055CF87 /* Release */ = {
			isa = XCBuildConfiguration;
			buildSettings = {
				ALWAYS_SEARCH_USER_PATHS = NO;
				CLANG_ANALYZER_NONNULL = YES;
				CLANG_CXX_LANGUAGE_STANDARD = "gnu++0x";
				CLANG_CXX_LIBRARY = "libc++";
				CLANG_ENABLE_MODULES = YES;
				CLANG_ENABLE_OBJC_ARC = YES;
				CLANG_WARN_BOOL_CONVERSION = YES;
				CLANG_WARN_CONSTANT_CONVERSION = YES;
				CLANG_WARN_DIRECT_OBJC_ISA_USAGE = YES_ERROR;
				CLANG_WARN_EMPTY_BODY = YES;
				CLANG_WARN_ENUM_CONVERSION = YES;
				CLANG_WARN_INT_CONVERSION = YES;
				CLANG_WARN_OBJC_ROOT_CLASS = YES_ERROR;
				CLANG_WARN_UNREACHABLE_CODE = YES;
				CLANG_WARN__DUPLICATE_METHOD_MATCH = YES;
				"CODE_SIGN_IDENTITY[sdk=iphoneos*]" = "iPhone Developer";
				COPY_PHASE_STRIP = NO;
				DEBUG_INFORMATION_FORMAT = "dwarf-with-dsym";
				ENABLE_NS_ASSERTIONS = NO;
				ENABLE_STRICT_OBJC_MSGSEND = YES;
				GCC_C_LANGUAGE_STANDARD = gnu99;
				GCC_NO_COMMON_BLOCKS = YES;
				GCC_WARN_64_TO_32_BIT_CONVERSION = YES;
				GCC_WARN_ABOUT_RETURN_TYPE = YES_ERROR;
				GCC_WARN_UNDECLARED_SELECTOR = YES;
				GCC_WARN_UNINITIALIZED_AUTOS = YES_AGGRESSIVE;
				GCC_WARN_UNUSED_FUNCTION = YES;
				GCC_WARN_UNUSED_VARIABLE = YES;
				IPHONEOS_DEPLOYMENT_TARGET = 9.3;
				MTL_ENABLE_DEBUG_INFO = NO;
				SDKROOT = iphoneos;
				VALIDATE_PRODUCT = YES;
			};
			name = Release;
		};
		5BF339F21CD04CC00055CF87 /* Debug */ = {
			isa = XCBuildConfiguration;
			buildSettings = {
				ASSETCATALOG_COMPILER_APPICON_NAME = AppIcon;
				INFOPLIST_FILE = Cautionizer/Info.plist;
				IPHONEOS_DEPLOYMENT_TARGET = 8.4;
				LD_RUNPATH_SEARCH_PATHS = "$(inherited) @executable_path/Frameworks";
				PRODUCT_BUNDLE_IDENTIFIER = "com.yaro-inc.Cautionizer";
				PRODUCT_NAME = "$(TARGET_NAME)";
			};
			name = Debug;
		};
		5BF339F31CD04CC00055CF87 /* Release */ = {
			isa = XCBuildConfiguration;
			buildSettings = {
				ASSETCATALOG_COMPILER_APPICON_NAME = AppIcon;
				INFOPLIST_FILE = Cautionizer/Info.plist;
				IPHONEOS_DEPLOYMENT_TARGET = 8.4;
				LD_RUNPATH_SEARCH_PATHS = "$(inherited) @executable_path/Frameworks";
				PRODUCT_BUNDLE_IDENTIFIER = "com.yaro-inc.Cautionizer";
				PRODUCT_NAME = "$(TARGET_NAME)";
			};
			name = Release;
		};
/* End XCBuildConfiguration section */

/* Begin XCConfigurationList section */
		5BF339DA1CD04CC00055CF87 /* Build configuration list for PBXProject "Cautionizer" */ = {
			isa = XCConfigurationList;
			buildConfigurations = (
				5BF339EF1CD04CC00055CF87 /* Debug */,
				5BF339F01CD04CC00055CF87 /* Release */,
			);
			defaultConfigurationIsVisible = 0;
			defaultConfigurationName = Release;
		};
		5BF339F11CD04CC00055CF87 /* Build configuration list for PBXNativeTarget "Cautionizer" */ = {
			isa = XCConfigurationList;
			buildConfigurations = (
				5BF339F21CD04CC00055CF87 /* Debug */,
				5BF339F31CD04CC00055CF87 /* Release */,
			);
			defaultConfigurationIsVisible = 0;
		};
/* End XCConfigurationList section */
	};
	rootObject = 5BF339D71CD04CC00055CF87 /* Project object */;
}
