// !$*UTF8*$!
{
	archiveVersion = 1;
	classes = {
	};
	objectVersion = 46;
	objects = {

/* Begin PBXBuildFile section */
		0EB6F485A865BDE52508B297 /* Pods.framework in Frameworks */ = {isa = PBXBuildFile; fileRef = 93BE20443EC4F6ACAB882B51 /* Pods.framework */; };
		5B2FEBF91CD1E6F20010D238 /* LogInDisplay.swift in Sources */ = {isa = PBXBuildFile; fileRef = 5B2FEBF81CD1E6F20010D238 /* LogInDisplay.swift */; };
		5B2FEBFC1CD1EA860010D238 /* Reachability.swift in Sources */ = {isa = PBXBuildFile; fileRef = 5B2FEBFB1CD1EA860010D238 /* Reachability.swift */; };
		5B2FEBFE1CD1EB470010D238 /* JSSAlertView.swift in Sources */ = {isa = PBXBuildFile; fileRef = 5B2FEBFD1CD1EB470010D238 /* JSSAlertView.swift */; };
		5B50A14A1CD0AB2600A33174 /* Bolts.framework in Frameworks */ = {isa = PBXBuildFile; fileRef = 5B50A1441CD0AB2600A33174 /* Bolts.framework */; };
		5B50A14B1CD0AB2600A33174 /* Parse.framework in Frameworks */ = {isa = PBXBuildFile; fileRef = 5B50A1451CD0AB2600A33174 /* Parse.framework */; };
		5B50A14C1CD0AB2600A33174 /* ParseFacebookUtils.framework in Frameworks */ = {isa = PBXBuildFile; fileRef = 5B50A1461CD0AB2600A33174 /* ParseFacebookUtils.framework */; };
		5B50A14D1CD0AB2600A33174 /* ParseFacebookUtilsV4.framework in Frameworks */ = {isa = PBXBuildFile; fileRef = 5B50A1471CD0AB2600A33174 /* ParseFacebookUtilsV4.framework */; };
		5B50A14E1CD0AB2600A33174 /* ParseTwitterUtils.framework in Frameworks */ = {isa = PBXBuildFile; fileRef = 5B50A1481CD0AB2600A33174 /* ParseTwitterUtils.framework */; };
		5B50A14F1CD0AB2600A33174 /* ParseUI.framework in Frameworks */ = {isa = PBXBuildFile; fileRef = 5B50A1491CD0AB2600A33174 /* ParseUI.framework */; };
		5B50A1511CD0AB3800A33174 /* AudioToolbox.framework in Frameworks */ = {isa = PBXBuildFile; fileRef = 5B50A1501CD0AB3800A33174 /* AudioToolbox.framework */; };
		5B50A1531CD0AB4300A33174 /* CFNetwork.framework in Frameworks */ = {isa = PBXBuildFile; fileRef = 5B50A1521CD0AB4300A33174 /* CFNetwork.framework */; };
		5B50A1551CD0AB4C00A33174 /* CoreGraphics.framework in Frameworks */ = {isa = PBXBuildFile; fileRef = 5B50A1541CD0AB4C00A33174 /* CoreGraphics.framework */; };
		5B50A1571CD0AB5900A33174 /* QuartzCore.framework in Frameworks */ = {isa = PBXBuildFile; fileRef = 5B50A1561CD0AB5900A33174 /* QuartzCore.framework */; };
		5B50A1591CD0AB6000A33174 /* Security.framework in Frameworks */ = {isa = PBXBuildFile; fileRef = 5B50A1581CD0AB6000A33174 /* Security.framework */; };
		5B50A15B1CD0AB6800A33174 /* StoreKit.framework in Frameworks */ = {isa = PBXBuildFile; fileRef = 5B50A15A1CD0AB6800A33174 /* StoreKit.framework */; };
		5B50A15D1CD0AB7200A33174 /* SystemConfiguration.framework in Frameworks */ = {isa = PBXBuildFile; fileRef = 5B50A15C1CD0AB7200A33174 /* SystemConfiguration.framework */; };
		5B50A15F1CD0AB7E00A33174 /* libz.tbd in Frameworks */ = {isa = PBXBuildFile; fileRef = 5B50A15E1CD0AB7E00A33174 /* libz.tbd */; };
		5B50A1611CD0AB8A00A33174 /* libsqlite3.0.tbd in Frameworks */ = {isa = PBXBuildFile; fileRef = 5B50A1601CD0AB8A00A33174 /* libsqlite3.0.tbd */; };
		5B50A1651CD0AED200A33174 /* hazardViewCell.swift in Sources */ = {isa = PBXBuildFile; fileRef = 5B50A1641CD0AED200A33174 /* hazardViewCell.swift */; };
		5B8BAA051CD2F81700BB460C /* userSubMenuDisplay.swift in Sources */ = {isa = PBXBuildFile; fileRef = 5B8BAA041CD2F81700BB460C /* userSubMenuDisplay.swift */; };
		5B8BAA071CD2F9FC00BB460C /* reportInitialScreen.swift in Sources */ = {isa = PBXBuildFile; fileRef = 5B8BAA061CD2F9FC00BB460C /* reportInitialScreen.swift */; };
		5BA8DE7E1CD1F5EC00715F1E /* MBProgressHUD.m in Sources */ = {isa = PBXBuildFile; fileRef = 5BA8DE7D1CD1F5EC00715F1E /* MBProgressHUD.m */; };
		5BA8DE801CD1F79700715F1E /* SignUpDisplay.swift in Sources */ = {isa = PBXBuildFile; fileRef = 5BA8DE7F1CD1F79700715F1E /* SignUpDisplay.swift */; };
		5BA8DE821CD206E200715F1E /* SubmitReportScreen.swift in Sources */ = {isa = PBXBuildFile; fileRef = 5BA8DE811CD206E200715F1E /* SubmitReportScreen.swift */; };
		5BA8DE841CD24D8D00715F1E /* CoreLocation.framework in Frameworks */ = {isa = PBXBuildFile; fileRef = 5BA8DE831CD24D8D00715F1E /* CoreLocation.framework */; };
		5BB299791CD9AC6900082186 /* UserPersonalReports.swift in Sources */ = {isa = PBXBuildFile; fileRef = 5BB299781CD9AC6900082186 /* UserPersonalReports.swift */; };
		5BF339E31CD04CC00055CF87 /* AppDelegate.swift in Sources */ = {isa = PBXBuildFile; fileRef = 5BF339E21CD04CC00055CF87 /* AppDelegate.swift */; };
		5BF339E51CD04CC00055CF87 /* ViewController.swift in Sources */ = {isa = PBXBuildFile; fileRef = 5BF339E41CD04CC00055CF87 /* ViewController.swift */; };
		5BF339E81CD04CC00055CF87 /* Main.storyboard in Resources */ = {isa = PBXBuildFile; fileRef = 5BF339E61CD04CC00055CF87 /* Main.storyboard */; };
		5BF339EA1CD04CC00055CF87 /* Assets.xcassets in Resources */ = {isa = PBXBuildFile; fileRef = 5BF339E91CD04CC00055CF87 /* Assets.xcassets */; };
		5BF339ED1CD04CC00055CF87 /* LaunchScreen.storyboard in Resources */ = {isa = PBXBuildFile; fileRef = 5BF339EB1CD04CC00055CF87 /* LaunchScreen.storyboard */; };
		5BF339F51CD0841B0055CF87 /* Step2.swift in Sources */ = {isa = PBXBuildFile; fileRef = 5BF339F41CD0841B0055CF87 /* Step2.swift */; };
		C14AD90A1CD91D6B00BD8361 /* AFImageRequestOperation.m in Sources */ = {isa = PBXBuildFile; fileRef = C14AD8F41CD91D6B00BD8361 /* AFImageRequestOperation.m */; };
		C14AD90B1CD91D6B00BD8361 /* AFHTTPClient.m in Sources */ = {isa = PBXBuildFile; fileRef = C14AD8F71CD91D6B00BD8361 /* AFHTTPClient.m */; };
		C14AD90C1CD91D6B00BD8361 /* AFHTTPRequestOperation.m in Sources */ = {isa = PBXBuildFile; fileRef = C14AD8F91CD91D6B00BD8361 /* AFHTTPRequestOperation.m */; };
		C14AD90D1CD91D6B00BD8361 /* AFJSONRequestOperation.m in Sources */ = {isa = PBXBuildFile; fileRef = C14AD8FB1CD91D6B00BD8361 /* AFJSONRequestOperation.m */; };
		C14AD90E1CD91D6B00BD8361 /* AFNetworkActivityIndicatorManager.m in Sources */ = {isa = PBXBuildFile; fileRef = C14AD8FD1CD91D6B00BD8361 /* AFNetworkActivityIndicatorManager.m */; };
		C14AD90F1CD91D6B00BD8361 /* MHFacebookImageViewer.m in Sources */ = {isa = PBXBuildFile; fileRef = C14AD9001CD91D6B00BD8361 /* MHFacebookImageViewer.m */; };
		C14AD9101CD91D6B00BD8361 /* UIImageView+MHFacebookImageViewer.m in Sources */ = {isa = PBXBuildFile; fileRef = C14AD9021CD91D6B00BD8361 /* UIImageView+MHFacebookImageViewer.m */; };
		C14AD9111CD91D6B00BD8361 /* AFPropertyListRequestOperation.m in Sources */ = {isa = PBXBuildFile; fileRef = C14AD9041CD91D6B00BD8361 /* AFPropertyListRequestOperation.m */; };
		C14AD9121CD91D6B00BD8361 /* AFURLConnectionOperation.m in Sources */ = {isa = PBXBuildFile; fileRef = C14AD9061CD91D6B00BD8361 /* AFURLConnectionOperation.m */; };
		C14AD9131CD91D6B00BD8361 /* AFXMLRequestOperation.m in Sources */ = {isa = PBXBuildFile; fileRef = C14AD9081CD91D6B00BD8361 /* AFXMLRequestOperation.m */; };
		C14AD9141CD91D6B00BD8361 /* UIImageView+AFNetworking.m in Sources */ = {isa = PBXBuildFile; fileRef = C14AD9091CD91D6B00BD8361 /* UIImageView+AFNetworking.m */; };
/* End PBXBuildFile section */

/* Begin PBXFileReference section */
		329538EDAE48C3CC701015DC /* Pods.release.xcconfig */ = {isa = PBXFileReference; includeInIndex = 1; lastKnownFileType = text.xcconfig; name = Pods.release.xcconfig; path = "Pods/Target Support Files/Pods/Pods.release.xcconfig"; sourceTree = "<group>"; };
		5B2FEBF81CD1E6F20010D238 /* LogInDisplay.swift */ = {isa = PBXFileReference; fileEncoding = 4; lastKnownFileType = sourcecode.swift; path = LogInDisplay.swift; sourceTree = "<group>"; };
		5B2FEBFB1CD1EA860010D238 /* Reachability.swift */ = {isa = PBXFileReference; fileEncoding = 4; lastKnownFileType = sourcecode.swift; path = Reachability.swift; sourceTree = "<group>"; };
		5B2FEBFD1CD1EB470010D238 /* JSSAlertView.swift */ = {isa = PBXFileReference; fileEncoding = 4; lastKnownFileType = sourcecode.swift; path = JSSAlertView.swift; sourceTree = "<group>"; };
		5B50A1441CD0AB2600A33174 /* Bolts.framework */ = {isa = PBXFileReference; lastKnownFileType = wrapper.framework; name = Bolts.framework; path = Cautionizer/Bolts.framework; sourceTree = "<group>"; };
		5B50A1451CD0AB2600A33174 /* Parse.framework */ = {isa = PBXFileReference; lastKnownFileType = wrapper.framework; name = Parse.framework; path = Cautionizer/Parse.framework; sourceTree = "<group>"; };
		5B50A1461CD0AB2600A33174 /* ParseFacebookUtils.framework */ = {isa = PBXFileReference; lastKnownFileType = wrapper.framework; name = ParseFacebookUtils.framework; path = Cautionizer/ParseFacebookUtils.framework; sourceTree = "<group>"; };
		5B50A1471CD0AB2600A33174 /* ParseFacebookUtilsV4.framework */ = {isa = PBXFileReference; lastKnownFileType = wrapper.framework; name = ParseFacebookUtilsV4.framework; path = Cautionizer/ParseFacebookUtilsV4.framework; sourceTree = "<group>"; };
		5B50A1481CD0AB2600A33174 /* ParseTwitterUtils.framework */ = {isa = PBXFileReference; lastKnownFileType = wrapper.framework; name = ParseTwitterUtils.framework; path = Cautionizer/ParseTwitterUtils.framework; sourceTree = "<group>"; };
		5B50A1491CD0AB2600A33174 /* ParseUI.framework */ = {isa = PBXFileReference; lastKnownFileType = wrapper.framework; name = ParseUI.framework; path = Cautionizer/ParseUI.framework; sourceTree = "<group>"; };
		5B50A1501CD0AB3800A33174 /* AudioToolbox.framework */ = {isa = PBXFileReference; lastKnownFileType = wrapper.framework; name = AudioToolbox.framework; path = System/Library/Frameworks/AudioToolbox.framework; sourceTree = SDKROOT; };
		5B50A1521CD0AB4300A33174 /* CFNetwork.framework */ = {isa = PBXFileReference; lastKnownFileType = wrapper.framework; name = CFNetwork.framework; path = System/Library/Frameworks/CFNetwork.framework; sourceTree = SDKROOT; };
		5B50A1541CD0AB4C00A33174 /* CoreGraphics.framework */ = {isa = PBXFileReference; lastKnownFileType = wrapper.framework; name = CoreGraphics.framework; path = System/Library/Frameworks/CoreGraphics.framework; sourceTree = SDKROOT; };
		5B50A1561CD0AB5900A33174 /* QuartzCore.framework */ = {isa = PBXFileReference; lastKnownFileType = wrapper.framework; name = QuartzCore.framework; path = System/Library/Frameworks/QuartzCore.framework; sourceTree = SDKROOT; };
		5B50A1581CD0AB6000A33174 /* Security.framework */ = {isa = PBXFileReference; lastKnownFileType = wrapper.framework; name = Security.framework; path = System/Library/Frameworks/Security.framework; sourceTree = SDKROOT; };
		5B50A15A1CD0AB6800A33174 /* StoreKit.framework */ = {isa = PBXFileReference; lastKnownFileType = wrapper.framework; name = StoreKit.framework; path = System/Library/Frameworks/StoreKit.framework; sourceTree = SDKROOT; };
		5B50A15C1CD0AB7200A33174 /* SystemConfiguration.framework */ = {isa = PBXFileReference; lastKnownFileType = wrapper.framework; name = SystemConfiguration.framework; path = System/Library/Frameworks/SystemConfiguration.framework; sourceTree = SDKROOT; };
		5B50A15E1CD0AB7E00A33174 /* libz.tbd */ = {isa = PBXFileReference; lastKnownFileType = "sourcecode.text-based-dylib-definition"; name = libz.tbd; path = usr/lib/libz.tbd; sourceTree = SDKROOT; };
		5B50A1601CD0AB8A00A33174 /* libsqlite3.0.tbd */ = {isa = PBXFileReference; lastKnownFileType = "sourcecode.text-based-dylib-definition"; name = libsqlite3.0.tbd; path = usr/lib/libsqlite3.0.tbd; sourceTree = SDKROOT; };
		5B50A1641CD0AED200A33174 /* hazardViewCell.swift */ = {isa = PBXFileReference; fileEncoding = 4; lastKnownFileType = sourcecode.swift; path = hazardViewCell.swift; sourceTree = "<group>"; };
		5B8BAA041CD2F81700BB460C /* userSubMenuDisplay.swift */ = {isa = PBXFileReference; fileEncoding = 4; lastKnownFileType = sourcecode.swift; path = userSubMenuDisplay.swift; sourceTree = "<group>"; };
		5B8BAA061CD2F9FC00BB460C /* reportInitialScreen.swift */ = {isa = PBXFileReference; fileEncoding = 4; lastKnownFileType = sourcecode.swift; path = reportInitialScreen.swift; sourceTree = "<group>"; };
		5BA8DE7B1CD1F5EC00715F1E /* Cautionizer-Bridging-Header.h */ = {isa = PBXFileReference; lastKnownFileType = sourcecode.c.h; path = "Cautionizer-Bridging-Header.h"; sourceTree = "<group>"; };
		5BA8DE7C1CD1F5EC00715F1E /* MBProgressHUD.h */ = {isa = PBXFileReference; fileEncoding = 4; lastKnownFileType = sourcecode.c.h; path = MBProgressHUD.h; sourceTree = "<group>"; };
		5BA8DE7D1CD1F5EC00715F1E /* MBProgressHUD.m */ = {isa = PBXFileReference; fileEncoding = 4; lastKnownFileType = sourcecode.c.objc; path = MBProgressHUD.m; sourceTree = "<group>"; };
		5BA8DE7F1CD1F79700715F1E /* SignUpDisplay.swift */ = {isa = PBXFileReference; fileEncoding = 4; lastKnownFileType = sourcecode.swift; path = SignUpDisplay.swift; sourceTree = "<group>"; };
		5BA8DE811CD206E200715F1E /* SubmitReportScreen.swift */ = {isa = PBXFileReference; fileEncoding = 4; lastKnownFileType = sourcecode.swift; path = SubmitReportScreen.swift; sourceTree = "<group>"; };
		5BA8DE831CD24D8D00715F1E /* CoreLocation.framework */ = {isa = PBXFileReference; lastKnownFileType = wrapper.framework; name = CoreLocation.framework; path = System/Library/Frameworks/CoreLocation.framework; sourceTree = SDKROOT; };
		5BB299781CD9AC6900082186 /* UserPersonalReports.swift */ = {isa = PBXFileReference; fileEncoding = 4; lastKnownFileType = sourcecode.swift; path = UserPersonalReports.swift; sourceTree = "<group>"; };
		5BF339DF1CD04CC00055CF87 /* Cautionizer.app */ = {isa = PBXFileReference; explicitFileType = wrapper.application; includeInIndex = 0; path = Cautionizer.app; sourceTree = BUILT_PRODUCTS_DIR; };
		5BF339E21CD04CC00055CF87 /* AppDelegate.swift */ = {isa = PBXFileReference; lastKnownFileType = sourcecode.swift; path = AppDelegate.swift; sourceTree = "<group>"; };
		5BF339E41CD04CC00055CF87 /* ViewController.swift */ = {isa = PBXFileReference; lastKnownFileType = sourcecode.swift; path = ViewController.swift; sourceTree = "<group>"; };
		5BF339E71CD04CC00055CF87 /* Base */ = {isa = PBXFileReference; lastKnownFileType = file.storyboard; name = Base; path = Base.lproj/Main.storyboard; sourceTree = "<group>"; };
		5BF339E91CD04CC00055CF87 /* Assets.xcassets */ = {isa = PBXFileReference; lastKnownFileType = folder.assetcatalog; path = Assets.xcassets; sourceTree = "<group>"; };
		5BF339EC1CD04CC00055CF87 /* Base */ = {isa = PBXFileReference; lastKnownFileType = file.storyboard; name = Base; path = Base.lproj/LaunchScreen.storyboard; sourceTree = "<group>"; };
		5BF339EE1CD04CC00055CF87 /* Info.plist */ = {isa = PBXFileReference; lastKnownFileType = text.plist.xml; path = Info.plist; sourceTree = "<group>"; };
		5BF339F41CD0841B0055CF87 /* Step2.swift */ = {isa = PBXFileReference; fileEncoding = 4; lastKnownFileType = sourcecode.swift; path = Step2.swift; sourceTree = "<group>"; };
		8FFF4ACA43702C8D596BE3E8 /* Pods.debug.xcconfig */ = {isa = PBXFileReference; includeInIndex = 1; lastKnownFileType = text.xcconfig; name = Pods.debug.xcconfig; path = "Pods/Target Support Files/Pods/Pods.debug.xcconfig"; sourceTree = "<group>"; };
		93BE20443EC4F6ACAB882B51 /* Pods.framework */ = {isa = PBXFileReference; explicitFileType = wrapper.framework; includeInIndex = 0; path = Pods.framework; sourceTree = BUILT_PRODUCTS_DIR; };
		C14AD8F31CD91D6B00BD8361 /* AFImageRequestOperation.h */ = {isa = PBXFileReference; fileEncoding = 4; lastKnownFileType = sourcecode.c.h; path = AFImageRequestOperation.h; sourceTree = "<group>"; };
		C14AD8F41CD91D6B00BD8361 /* AFImageRequestOperation.m */ = {isa = PBXFileReference; fileEncoding = 4; lastKnownFileType = sourcecode.c.objc; path = AFImageRequestOperation.m; sourceTree = "<group>"; };
		C14AD8F51CD91D6B00BD8361 /* UIImageView+AFNetworking.h */ = {isa = PBXFileReference; fileEncoding = 4; lastKnownFileType = sourcecode.c.h; path = "UIImageView+AFNetworking.h"; sourceTree = "<group>"; };
		C14AD8F61CD91D6B00BD8361 /* AFHTTPClient.h */ = {isa = PBXFileReference; fileEncoding = 4; lastKnownFileType = sourcecode.c.h; path = AFHTTPClient.h; sourceTree = "<group>"; };
		C14AD8F71CD91D6B00BD8361 /* AFHTTPClient.m */ = {isa = PBXFileReference; fileEncoding = 4; lastKnownFileType = sourcecode.c.objc; path = AFHTTPClient.m; sourceTree = "<group>"; };
		C14AD8F81CD91D6B00BD8361 /* AFHTTPRequestOperation.h */ = {isa = PBXFileReference; fileEncoding = 4; lastKnownFileType = sourcecode.c.h; path = AFHTTPRequestOperation.h; sourceTree = "<group>"; };
		C14AD8F91CD91D6B00BD8361 /* AFHTTPRequestOperation.m */ = {isa = PBXFileReference; fileEncoding = 4; lastKnownFileType = sourcecode.c.objc; path = AFHTTPRequestOperation.m; sourceTree = "<group>"; };
		C14AD8FA1CD91D6B00BD8361 /* AFJSONRequestOperation.h */ = {isa = PBXFileReference; fileEncoding = 4; lastKnownFileType = sourcecode.c.h; path = AFJSONRequestOperation.h; sourceTree = "<group>"; };
		C14AD8FB1CD91D6B00BD8361 /* AFJSONRequestOperation.m */ = {isa = PBXFileReference; fileEncoding = 4; lastKnownFileType = sourcecode.c.objc; path = AFJSONRequestOperation.m; sourceTree = "<group>"; };
		C14AD8FC1CD91D6B00BD8361 /* AFNetworkActivityIndicatorManager.h */ = {isa = PBXFileReference; fileEncoding = 4; lastKnownFileType = sourcecode.c.h; path = AFNetworkActivityIndicatorManager.h; sourceTree = "<group>"; };
		C14AD8FD1CD91D6B00BD8361 /* AFNetworkActivityIndicatorManager.m */ = {isa = PBXFileReference; fileEncoding = 4; lastKnownFileType = sourcecode.c.objc; path = AFNetworkActivityIndicatorManager.m; sourceTree = "<group>"; };
		C14AD8FE1CD91D6B00BD8361 /* AFNetworking.h */ = {isa = PBXFileReference; fileEncoding = 4; lastKnownFileType = sourcecode.c.h; path = AFNetworking.h; sourceTree = "<group>"; };
		C14AD8FF1CD91D6B00BD8361 /* MHFacebookImageViewer.h */ = {isa = PBXFileReference; fileEncoding = 4; lastKnownFileType = sourcecode.c.h; path = MHFacebookImageViewer.h; sourceTree = "<group>"; };
		C14AD9001CD91D6B00BD8361 /* MHFacebookImageViewer.m */ = {isa = PBXFileReference; fileEncoding = 4; lastKnownFileType = sourcecode.c.objc; path = MHFacebookImageViewer.m; sourceTree = "<group>"; };
		C14AD9011CD91D6B00BD8361 /* UIImageView+MHFacebookImageViewer.h */ = {isa = PBXFileReference; fileEncoding = 4; lastKnownFileType = sourcecode.c.h; path = "UIImageView+MHFacebookImageViewer.h"; sourceTree = "<group>"; };
		C14AD9021CD91D6B00BD8361 /* UIImageView+MHFacebookImageViewer.m */ = {isa = PBXFileReference; fileEncoding = 4; lastKnownFileType = sourcecode.c.objc; path = "UIImageView+MHFacebookImageViewer.m"; sourceTree = "<group>"; };
		C14AD9031CD91D6B00BD8361 /* AFPropertyListRequestOperation.h */ = {isa = PBXFileReference; fileEncoding = 4; lastKnownFileType = sourcecode.c.h; path = AFPropertyListRequestOperation.h; sourceTree = "<group>"; };
		C14AD9041CD91D6B00BD8361 /* AFPropertyListRequestOperation.m */ = {isa = PBXFileReference; fileEncoding = 4; lastKnownFileType = sourcecode.c.objc; path = AFPropertyListRequestOperation.m; sourceTree = "<group>"; };
		C14AD9051CD91D6B00BD8361 /* AFURLConnectionOperation.h */ = {isa = PBXFileReference; fileEncoding = 4; lastKnownFileType = sourcecode.c.h; path = AFURLConnectionOperation.h; sourceTree = "<group>"; };
		C14AD9061CD91D6B00BD8361 /* AFURLConnectionOperation.m */ = {isa = PBXFileReference; fileEncoding = 4; lastKnownFileType = sourcecode.c.objc; path = AFURLConnectionOperation.m; sourceTree = "<group>"; };
		C14AD9071CD91D6B00BD8361 /* AFXMLRequestOperation.h */ = {isa = PBXFileReference; fileEncoding = 4; lastKnownFileType = sourcecode.c.h; path = AFXMLRequestOperation.h; sourceTree = "<group>"; };
		C14AD9081CD91D6B00BD8361 /* AFXMLRequestOperation.m */ = {isa = PBXFileReference; fileEncoding = 4; lastKnownFileType = sourcecode.c.objc; path = AFXMLRequestOperation.m; sourceTree = "<group>"; };
		C14AD9091CD91D6B00BD8361 /* UIImageView+AFNetworking.m */ = {isa = PBXFileReference; fileEncoding = 4; lastKnownFileType = sourcecode.c.objc; path = "UIImageView+AFNetworking.m"; sourceTree = "<group>"; };
/* End PBXFileReference section */

/* Begin PBXFrameworksBuildPhase section */
		5BF339DC1CD04CC00055CF87 /* Frameworks */ = {
			isa = PBXFrameworksBuildPhase;
			buildActionMask = 2147483647;
			files = (
				5BA8DE841CD24D8D00715F1E /* CoreLocation.framework in Frameworks */,
				5B50A1611CD0AB8A00A33174 /* libsqlite3.0.tbd in Frameworks */,
				5B50A15F1CD0AB7E00A33174 /* libz.tbd in Frameworks */,
				5B50A15D1CD0AB7200A33174 /* SystemConfiguration.framework in Frameworks */,
				5B50A15B1CD0AB6800A33174 /* StoreKit.framework in Frameworks */,
				5B50A1591CD0AB6000A33174 /* Security.framework in Frameworks */,
				5B50A1571CD0AB5900A33174 /* QuartzCore.framework in Frameworks */,
				5B50A1551CD0AB4C00A33174 /* CoreGraphics.framework in Frameworks */,
				5B50A1531CD0AB4300A33174 /* CFNetwork.framework in Frameworks */,
				5B50A1511CD0AB3800A33174 /* AudioToolbox.framework in Frameworks */,
				5B50A14A1CD0AB2600A33174 /* Bolts.framework in Frameworks */,
				5B50A14B1CD0AB2600A33174 /* Parse.framework in Frameworks */,
				5B50A14C1CD0AB2600A33174 /* ParseFacebookUtils.framework in Frameworks */,
				5B50A14D1CD0AB2600A33174 /* ParseFacebookUtilsV4.framework in Frameworks */,
				5B50A14E1CD0AB2600A33174 /* ParseTwitterUtils.framework in Frameworks */,
				5B50A14F1CD0AB2600A33174 /* ParseUI.framework in Frameworks */,
				0EB6F485A865BDE52508B297 /* Pods.framework in Frameworks */,
			);
			runOnlyForDeploymentPostprocessing = 0;
		};
/* End PBXFrameworksBuildPhase section */

/* Begin PBXGroup section */
		44040D145F168E5E52E78225 /* Pods */ = {
			isa = PBXGroup;
			children = (
				8FFF4ACA43702C8D596BE3E8 /* Pods.debug.xcconfig */,
				329538EDAE48C3CC701015DC /* Pods.release.xcconfig */,
			);
			name = Pods;
			sourceTree = "<group>";
		};
		5B2FEBFA1CD1EA5E0010D238 /* ExtraDesignClasses */ = {
			isa = PBXGroup;
			children = (
				5BA8DE7C1CD1F5EC00715F1E /* MBProgressHUD.h */,
				5BA8DE7D1CD1F5EC00715F1E /* MBProgressHUD.m */,
				C14AD8F31CD91D6B00BD8361 /* AFImageRequestOperation.h */,
				C14AD8F41CD91D6B00BD8361 /* AFImageRequestOperation.m */,
				C14AD8F51CD91D6B00BD8361 /* UIImageView+AFNetworking.h */,
				C14AD8F61CD91D6B00BD8361 /* AFHTTPClient.h */,
				C14AD8F71CD91D6B00BD8361 /* AFHTTPClient.m */,
				C14AD8F81CD91D6B00BD8361 /* AFHTTPRequestOperation.h */,
				C14AD8F91CD91D6B00BD8361 /* AFHTTPRequestOperation.m */,
				C14AD8FA1CD91D6B00BD8361 /* AFJSONRequestOperation.h */,
				C14AD8FB1CD91D6B00BD8361 /* AFJSONRequestOperation.m */,
				C14AD8FC1CD91D6B00BD8361 /* AFNetworkActivityIndicatorManager.h */,
				C14AD8FD1CD91D6B00BD8361 /* AFNetworkActivityIndicatorManager.m */,
				C14AD8FE1CD91D6B00BD8361 /* AFNetworking.h */,
				C14AD8FF1CD91D6B00BD8361 /* MHFacebookImageViewer.h */,
				C14AD9001CD91D6B00BD8361 /* MHFacebookImageViewer.m */,
				C14AD9011CD91D6B00BD8361 /* UIImageView+MHFacebookImageViewer.h */,
				C14AD9021CD91D6B00BD8361 /* UIImageView+MHFacebookImageViewer.m */,
				C14AD9031CD91D6B00BD8361 /* AFPropertyListRequestOperation.h */,
				C14AD9041CD91D6B00BD8361 /* AFPropertyListRequestOperation.m */,
				C14AD9051CD91D6B00BD8361 /* AFURLConnectionOperation.h */,
				C14AD9061CD91D6B00BD8361 /* AFURLConnectionOperation.m */,
				C14AD9071CD91D6B00BD8361 /* AFXMLRequestOperation.h */,
				C14AD9081CD91D6B00BD8361 /* AFXMLRequestOperation.m */,
				C14AD9091CD91D6B00BD8361 /* UIImageView+AFNetworking.m */,
				5B2FEBFB1CD1EA860010D238 /* Reachability.swift */,
				5B2FEBFD1CD1EB470010D238 /* JSSAlertView.swift */,
				5BA8DE7B1CD1F5EC00715F1E /* Cautionizer-Bridging-Header.h */,
			);
			name = ExtraDesignClasses;
			sourceTree = "<group>";
		};
		5B50A1621CD0AB9400A33174 /* Frameworks */ = {
			isa = PBXGroup;
			children = (
				5BA8DE831CD24D8D00715F1E /* CoreLocation.framework */,
				5B50A1601CD0AB8A00A33174 /* libsqlite3.0.tbd */,
				5B50A15E1CD0AB7E00A33174 /* libz.tbd */,
				5B50A15C1CD0AB7200A33174 /* SystemConfiguration.framework */,
				5B50A15A1CD0AB6800A33174 /* StoreKit.framework */,
				5B50A1581CD0AB6000A33174 /* Security.framework */,
				5B50A1561CD0AB5900A33174 /* QuartzCore.framework */,
				5B50A1541CD0AB4C00A33174 /* CoreGraphics.framework */,
				5B50A1521CD0AB4300A33174 /* CFNetwork.framework */,
				5B50A1501CD0AB3800A33174 /* AudioToolbox.framework */,
				5B50A1441CD0AB2600A33174 /* Bolts.framework */,
				5B50A1451CD0AB2600A33174 /* Parse.framework */,
				5B50A1461CD0AB2600A33174 /* ParseFacebookUtils.framework */,
				5B50A1471CD0AB2600A33174 /* ParseFacebookUtilsV4.framework */,
				5B50A1481CD0AB2600A33174 /* ParseTwitterUtils.framework */,
				5B50A1491CD0AB2600A33174 /* ParseUI.framework */,
				93BE20443EC4F6ACAB882B51 /* Pods.framework */,
			);
			name = Frameworks;
			sourceTree = "<group>";
		};
		5BF339D61CD04CC00055CF87 = {
			isa = PBXGroup;
			children = (
				5B50A1621CD0AB9400A33174 /* Frameworks */,
				5BF339E11CD04CC00055CF87 /* Cautionizer */,
				5BF339E01CD04CC00055CF87 /* Products */,
				44040D145F168E5E52E78225 /* Pods */,
			);
			sourceTree = "<group>";
		};
		5BF339E01CD04CC00055CF87 /* Products */ = {
			isa = PBXGroup;
			children = (
				5BF339DF1CD04CC00055CF87 /* Cautionizer.app */,
			);
			name = Products;
			sourceTree = "<group>";
		};
		5BF339E11CD04CC00055CF87 /* Cautionizer */ = {
			isa = PBXGroup;
			children = (
				5B2FEBFA1CD1EA5E0010D238 /* ExtraDesignClasses */,
				5BF339E21CD04CC00055CF87 /* AppDelegate.swift */,
				5BF339E41CD04CC00055CF87 /* ViewController.swift */,
				5BB299781CD9AC6900082186 /* UserPersonalReports.swift */,
				5B2FEBF81CD1E6F20010D238 /* LogInDisplay.swift */,
				5BA8DE7F1CD1F79700715F1E /* SignUpDisplay.swift */,
				5B8BAA061CD2F9FC00BB460C /* reportInitialScreen.swift */,
				5B8BAA041CD2F81700BB460C /* userSubMenuDisplay.swift */,
				5BF339F41CD0841B0055CF87 /* Step2.swift */,
				5B50A1641CD0AED200A33174 /* hazardViewCell.swift */,
				5BA8DE811CD206E200715F1E /* SubmitReportScreen.swift */,
				5BF339E61CD04CC00055CF87 /* Main.storyboard */,
				5BF339EB1CD04CC00055CF87 /* LaunchScreen.storyboard */,
				5BF339EE1CD04CC00055CF87 /* Info.plist */,
				5BF339E91CD04CC00055CF87 /* Assets.xcassets */,
			);
			path = Cautionizer;
			sourceTree = "<group>";
		};
/* End PBXGroup section */

/* Begin PBXNativeTarget section */
		5BF339DE1CD04CC00055CF87 /* Cautionizer */ = {
			isa = PBXNativeTarget;
			buildConfigurationList = 5BF339F11CD04CC00055CF87 /* Build configuration list for PBXNativeTarget "Cautionizer" */;
			buildPhases = (
				7D0D92F6AB36A7766600A935 /* Check Pods Manifest.lock */,
				5BF339DB1CD04CC00055CF87 /* Sources */,
				5BF339DC1CD04CC00055CF87 /* Frameworks */,
				5BF339DD1CD04CC00055CF87 /* Resources */,
				1BB3FB800897B4415C31410F /* Embed Pods Frameworks */,
				2A7D2F4A88EB47B548D6404A /* Copy Pods Resources */,
			);
			buildRules = (
			);
			dependencies = (
			);
			name = Cautionizer;
			productName = Cautionizer;
			productReference = 5BF339DF1CD04CC00055CF87 /* Cautionizer.app */;
			productType = "com.apple.product-type.application";
		};
/* End PBXNativeTarget section */

/* Begin PBXProject section */
		5BF339D71CD04CC00055CF87 /* Project object */ = {
			isa = PBXProject;
			attributes = {
				LastSwiftUpdateCheck = 0730;
				LastUpgradeCheck = 0730;
				ORGANIZATIONNAME = Yaro;
				TargetAttributes = {
					5BF339DE1CD04CC00055CF87 = {
						CreatedOnToolsVersion = 7.3;
						DevelopmentTeam = BA563F9L5K;
						SystemCapabilities = {
							com.apple.Maps.iOS = {
								enabled = 0;
							};
						};
					};
				};
			};
			buildConfigurationList = 5BF339DA1CD04CC00055CF87 /* Build configuration list for PBXProject "Cautionizer" */;
			compatibilityVersion = "Xcode 3.2";
			developmentRegion = English;
			hasScannedForEncodings = 0;
			knownRegions = (
				en,
				Base,
			);
			mainGroup = 5BF339D61CD04CC00055CF87;
			productRefGroup = 5BF339E01CD04CC00055CF87 /* Products */;
			projectDirPath = "";
			projectRoot = "";
			targets = (
				5BF339DE1CD04CC00055CF87 /* Cautionizer */,
			);
		};
/* End PBXProject section */

/* Begin PBXResourcesBuildPhase section */
		5BF339DD1CD04CC00055CF87 /* Resources */ = {
			isa = PBXResourcesBuildPhase;
			buildActionMask = 2147483647;
			files = (
				5BF339ED1CD04CC00055CF87 /* LaunchScreen.storyboard in Resources */,
				5BF339EA1CD04CC00055CF87 /* Assets.xcassets in Resources */,
				5BF339E81CD04CC00055CF87 /* Main.storyboard in Resources */,
			);
			runOnlyForDeploymentPostprocessing = 0;
		};
/* End PBXResourcesBuildPhase section */

/* Begin PBXShellScriptBuildPhase section */
		1BB3FB800897B4415C31410F /* Embed Pods Frameworks */ = {
			isa = PBXShellScriptBuildPhase;
			buildActionMask = 2147483647;
			files = (
			);
			inputPaths = (
			);
			name = "Embed Pods Frameworks";
			outputPaths = (
			);
			runOnlyForDeploymentPostprocessing = 0;
			shellPath = /bin/sh;
			shellScript = "\"${SRCROOT}/Pods/Target Support Files/Pods/Pods-frameworks.sh\"\n";
			showEnvVarsInLog = 0;
		};
		2A7D2F4A88EB47B548D6404A /* Copy Pods Resources */ = {
			isa = PBXShellScriptBuildPhase;
			buildActionMask = 2147483647;
			files = (
			);
			inputPaths = (
			);
			name = "Copy Pods Resources";
			outputPaths = (
			);
			runOnlyForDeploymentPostprocessing = 0;
			shellPath = /bin/sh;
			shellScript = "\"${SRCROOT}/Pods/Target Support Files/Pods/Pods-resources.sh\"\n";
			showEnvVarsInLog = 0;
		};
		7D0D92F6AB36A7766600A935 /* Check Pods Manifest.lock */ = {
			isa = PBXShellScriptBuildPhase;
			buildActionMask = 2147483647;
			files = (
			);
			inputPaths = (
			);
			name = "Check Pods Manifest.lock";
			outputPaths = (
			);
			runOnlyForDeploymentPostprocessing = 0;
			shellPath = /bin/sh;
			shellScript = "diff \"${PODS_ROOT}/../Podfile.lock\" \"${PODS_ROOT}/Manifest.lock\" > /dev/null\nif [[ $? != 0 ]] ; then\n    cat << EOM\nerror: The sandbox is not in sync with the Podfile.lock. Run 'pod install' or update your CocoaPods installation.\nEOM\n    exit 1\nfi\n";
			showEnvVarsInLog = 0;
		};
/* End PBXShellScriptBuildPhase section */

/* Begin PBXSourcesBuildPhase section */
		5BF339DB1CD04CC00055CF87 /* Sources */ = {
			isa = PBXSourcesBuildPhase;
			buildActionMask = 2147483647;
			files = (
				5B50A1651CD0AED200A33174 /* hazardViewCell.swift in Sources */,
				5B2FEBF91CD1E6F20010D238 /* LogInDisplay.swift in Sources */,
				5B2FEBFC1CD1EA860010D238 /* Reachability.swift in Sources */,
				5BA8DE821CD206E200715F1E /* SubmitReportScreen.swift in Sources */,
				5BF339E51CD04CC00055CF87 /* ViewController.swift in Sources */,
				C14AD9141CD91D6B00BD8361 /* UIImageView+AFNetworking.m in Sources */,
				5BB299791CD9AC6900082186 /* UserPersonalReports.swift in Sources */,
				C14AD9101CD91D6B00BD8361 /* UIImageView+MHFacebookImageViewer.m in Sources */,
				C14AD90B1CD91D6B00BD8361 /* AFHTTPClient.m in Sources */,
				C14AD9121CD91D6B00BD8361 /* AFURLConnectionOperation.m in Sources */,
				5BF339E31CD04CC00055CF87 /* AppDelegate.swift in Sources */,
				C14AD90E1CD91D6B00BD8361 /* AFNetworkActivityIndicatorManager.m in Sources */,
				5B8BAA051CD2F81700BB460C /* userSubMenuDisplay.swift in Sources */,
				5BF339F51CD0841B0055CF87 /* Step2.swift in Sources */,
				5B2FEBFE1CD1EB470010D238 /* JSSAlertView.swift in Sources */,
				C14AD90A1CD91D6B00BD8361 /* AFImageRequestOperation.m in Sources */,
				5BA8DE7E1CD1F5EC00715F1E /* MBProgressHUD.m in Sources */,
				C14AD90C1CD91D6B00BD8361 /* AFHTTPRequestOperation.m in Sources */,
				C14AD9131CD91D6B00BD8361 /* AFXMLRequestOperation.m in Sources */,
				C14AD90F1CD91D6B00BD8361 /* MHFacebookImageViewer.m in Sources */,
				5B8BAA071CD2F9FC00BB460C /* reportInitialScreen.swift in Sources */,
				C14AD90D1CD91D6B00BD8361 /* AFJSONRequestOperation.m in Sources */,
				C14AD9111CD91D6B00BD8361 /* AFPropertyListRequestOperation.m in Sources */,
				5BA8DE801CD1F79700715F1E /* SignUpDisplay.swift in Sources */,
			);
			runOnlyForDeploymentPostprocessing = 0;
		};
/* End PBXSourcesBuildPhase section */

/* Begin PBXVariantGroup section */
		5BF339E61CD04CC00055CF87 /* Main.storyboard */ = {
			isa = PBXVariantGroup;
			children = (
				5BF339E71CD04CC00055CF87 /* Base */,
			);
			name = Main.storyboard;
			sourceTree = "<group>";
		};
		5BF339EB1CD04CC00055CF87 /* LaunchScreen.storyboard */ = {
			isa = PBXVariantGroup;
			children = (
				5BF339EC1CD04CC00055CF87 /* Base */,
			);
			name = LaunchScreen.storyboard;
			sourceTree = "<group>";
		};
/* End PBXVariantGroup section */

/* Begin XCBuildConfiguration section */
		5BF339EF1CD04CC00055CF87 /* Debug */ = {
			isa = XCBuildConfiguration;
			buildSettings = {
				ALWAYS_SEARCH_USER_PATHS = NO;
				CLANG_ANALYZER_NONNULL = YES;
				CLANG_CXX_LANGUAGE_STANDARD = "gnu++0x";
				CLANG_CXX_LIBRARY = "libc++";
				CLANG_ENABLE_MODULES = YES;
				CLANG_ENABLE_OBJC_ARC = YES;
				CLANG_WARN_BOOL_CONVERSION = YES;
				CLANG_WARN_CONSTANT_CONVERSION = YES;
				CLANG_WARN_DIRECT_OBJC_ISA_USAGE = YES_ERROR;
				CLANG_WARN_EMPTY_BODY = YES;
				CLANG_WARN_ENUM_CONVERSION = YES;
				CLANG_WARN_INT_CONVERSION = YES;
				CLANG_WARN_OBJC_ROOT_CLASS = YES_ERROR;
				CLANG_WARN_UNREACHABLE_CODE = YES;
				CLANG_WARN__DUPLICATE_METHOD_MATCH = YES;
				"CODE_SIGN_IDENTITY[sdk=iphoneos*]" = "iPhone Developer";
				COPY_PHASE_STRIP = NO;
				DEBUG_INFORMATION_FORMAT = dwarf;
				ENABLE_STRICT_OBJC_MSGSEND = YES;
				ENABLE_TESTABILITY = YES;
				GCC_C_LANGUAGE_STANDARD = gnu99;
				GCC_DYNAMIC_NO_PIC = NO;
				GCC_NO_COMMON_BLOCKS = YES;
				GCC_OPTIMIZATION_LEVEL = 0;
				GCC_PREPROCESSOR_DEFINITIONS = (
					"DEBUG=1",
					"$(inherited)",
				);
				GCC_WARN_64_TO_32_BIT_CONVERSION = YES;
				GCC_WARN_ABOUT_RETURN_TYPE = YES_ERROR;
				GCC_WARN_UNDECLARED_SELECTOR = YES;
				GCC_WARN_UNINITIALIZED_AUTOS = YES_AGGRESSIVE;
				GCC_WARN_UNUSED_FUNCTION = YES;
				GCC_WARN_UNUSED_VARIABLE = YES;
				IPHONEOS_DEPLOYMENT_TARGET = 9.3;
				MTL_ENABLE_DEBUG_INFO = YES;
				ONLY_ACTIVE_ARCH = YES;
				SDKROOT = iphoneos;
				SWIFT_OPTIMIZATION_LEVEL = "-Onone";
			};
			name = Debug;
		};
		5BF339F01CD04CC00055CF87 /* Release */ = {
			isa = XCBuildConfiguration;
			buildSettings = {
				ALWAYS_SEARCH_USER_PATHS = NO;
				CLANG_ANALYZER_NONNULL = YES;
				CLANG_CXX_LANGUAGE_STANDARD = "gnu++0x";
				CLANG_CXX_LIBRARY = "libc++";
				CLANG_ENABLE_MODULES = YES;
				CLANG_ENABLE_OBJC_ARC = YES;
				CLANG_WARN_BOOL_CONVERSION = YES;
				CLANG_WARN_CONSTANT_CONVERSION = YES;
				CLANG_WARN_DIRECT_OBJC_ISA_USAGE = YES_ERROR;
				CLANG_WARN_EMPTY_BODY = YES;
				CLANG_WARN_ENUM_CONVERSION = YES;
				CLANG_WARN_INT_CONVERSION = YES;
				CLANG_WARN_OBJC_ROOT_CLASS = YES_ERROR;
				CLANG_WARN_UNREACHABLE_CODE = YES;
				CLANG_WARN__DUPLICATE_METHOD_MATCH = YES;
				"CODE_SIGN_IDENTITY[sdk=iphoneos*]" = "iPhone Developer";
				COPY_PHASE_STRIP = NO;
				DEBUG_INFORMATION_FORMAT = "dwarf-with-dsym";
				ENABLE_NS_ASSERTIONS = NO;
				ENABLE_STRICT_OBJC_MSGSEND = YES;
				GCC_C_LANGUAGE_STANDARD = gnu99;
				GCC_NO_COMMON_BLOCKS = YES;
				GCC_WARN_64_TO_32_BIT_CONVERSION = YES;
				GCC_WARN_ABOUT_RETURN_TYPE = YES_ERROR;
				GCC_WARN_UNDECLARED_SELECTOR = YES;
				GCC_WARN_UNINITIALIZED_AUTOS = YES_AGGRESSIVE;
				GCC_WARN_UNUSED_FUNCTION = YES;
				GCC_WARN_UNUSED_VARIABLE = YES;
				IPHONEOS_DEPLOYMENT_TARGET = 9.3;
				MTL_ENABLE_DEBUG_INFO = NO;
				SDKROOT = iphoneos;
				VALIDATE_PRODUCT = YES;
			};
			name = Release;
		};
		5BF339F21CD04CC00055CF87 /* Debug */ = {
			isa = XCBuildConfiguration;
			baseConfigurationReference = 8FFF4ACA43702C8D596BE3E8 /* Pods.debug.xcconfig */;
			buildSettings = {
				ASSETCATALOG_COMPILER_APPICON_NAME = AppIcon;
				CLANG_ENABLE_MODULES = YES;
				FRAMEWORK_SEARCH_PATHS = (
					"$(inherited)",
					"$(PROJECT_DIR)/Cautionizer",
				);
				INFOPLIST_FILE = Cautionizer/Info.plist;
				IPHONEOS_DEPLOYMENT_TARGET = 8.4;
				LD_RUNPATH_SEARCH_PATHS = "$(inherited) @executable_path/Frameworks";
				PRODUCT_BUNDLE_IDENTIFIER = "com.yaro-inc.Cautionizer";
				PRODUCT_NAME = "$(TARGET_NAME)";
				SWIFT_OBJC_BRIDGING_HEADER = "Cautionizer/Cautionizer-Bridging-Header.h";
				SWIFT_OPTIMIZATION_LEVEL = "-Onone";
			};
			name = Debug;
		};
		5BF339F31CD04CC00055CF87 /* Release */ = {
			isa = XCBuildConfiguration;
			baseConfigurationReference = 329538EDAE48C3CC701015DC /* Pods.release.xcconfig */;
			buildSettings = {
				ASSETCATALOG_COMPILER_APPICON_NAME = AppIcon;
				CLANG_ENABLE_MODULES = YES;
				FRAMEWORK_SEARCH_PATHS = (
					"$(inherited)",
					"$(PROJECT_DIR)/Cautionizer",
				);
				INFOPLIST_FILE = Cautionizer/Info.plist;
				IPHONEOS_DEPLOYMENT_TARGET = 8.4;
				LD_RUNPATH_SEARCH_PATHS = "$(inherited) @executable_path/Frameworks";
				PRODUCT_BUNDLE_IDENTIFIER = "com.yaro-inc.Cautionizer";
				PRODUCT_NAME = "$(TARGET_NAME)";
				SWIFT_OBJC_BRIDGING_HEADER = "Cautionizer/Cautionizer-Bridging-Header.h";
			};
			name = Release;
		};
/* End XCBuildConfiguration section */

/* Begin XCConfigurationList section */
		5BF339DA1CD04CC00055CF87 /* Build configuration list for PBXProject "Cautionizer" */ = {
			isa = XCConfigurationList;
			buildConfigurations = (
				5BF339EF1CD04CC00055CF87 /* Debug */,
				5BF339F01CD04CC00055CF87 /* Release */,
			);
			defaultConfigurationIsVisible = 0;
			defaultConfigurationName = Release;
		};
		5BF339F11CD04CC00055CF87 /* Build configuration list for PBXNativeTarget "Cautionizer" */ = {
			isa = XCConfigurationList;
			buildConfigurations = (
				5BF339F21CD04CC00055CF87 /* Debug */,
				5BF339F31CD04CC00055CF87 /* Release */,
			);
			defaultConfigurationIsVisible = 0;
			defaultConfigurationName = Release;
		};
/* End XCConfigurationList section */
	};
	rootObject = 5BF339D71CD04CC00055CF87 /* Project object */;
}
